# This file is automatically @generated by Cargo.
# It is not intended for manual editing.
version = 4

[[package]]
name = "yu-bench"
version = "0.1.0"
dependencies = [
 "yu-core",
 "yu-markdown",
 "yu-text",
]

[[package]]
name = "yu-core"
version = "0.1.0"

[[package]]
name = "yu-editor"
version = "0.1.0"
dependencies = [
 "yu-core",
 "yu-text",
]

[[package]]
name = "yu-editor-ffi"
version = "0.1.0"
dependencies = [
 "yu-core",
 "yu-editor",
 "yu-text",
]

[[package]]
name = "yu-inspect"
version = "0.1.0"
dependencies = [
 "yu-markdown",
 "yu-text",
]

[[package]]
name = "yu-markdown"
version = "0.1.0"
dependencies = [
 "yu-core",
 "yu-text",
]

[[package]]
name = "yu-text"
version = "0.1.0"
dependencies = [
 "yu-core",
]
