# This file is automatically @generated by Cargo.
# It is not intended for manual editing.
version = 4

[[package]]
name = "bitflags"
version = "2.13.1"
source = "registry+https://github.com/rust-lang/crates.io-index"
checksum = "b588b76d00fde79687d7646a9b5bdf3cc0f655e0bbd080335a95d7e96f3587da"

[[package]]
name = "objc2-core-foundation"
version = "0.3.2"
source = "registry+https://github.com/rust-lang/crates.io-index"
checksum = "2a180dd8642fa45cdb7dd721cd4c11b1cadd4929ce112ebd8b9f5803cc79d536"
dependencies = [
 "bitflags",
]

[[package]]
name = "objc2-core-graphics"
version = "0.3.2"
source = "registry+https://github.com/rust-lang/crates.io-index"
checksum = "e022c9d066895efa1345f8e33e584b9f958da2fd4cd116792e15e07e4720a807"
dependencies = [
 "bitflags",
 "objc2-core-foundation",
]

[[package]]
name = "objc2-core-text"
version = "0.3.2"
source = "registry+https://github.com/rust-lang/crates.io-index"
checksum = "0cde0dfb48d25d2b4862161a4d5fcc0e3c24367869ad306b0c9ec0073bfed92d"
dependencies = [
 "bitflags",
 "objc2-core-foundation",
 "objc2-core-graphics",
]

[[package]]
name = "unicode-segmentation"
version = "1.13.3"
source = "registry+https://github.com/rust-lang/crates.io-index"
checksum = "c6f5d3c3b1bf09027a88a6bc961fc00497d651009560b5463668dc81b0fa87a8"

[[package]]
name = "yu-bench"
version = "0.1.0"
dependencies = [
 "yu-core",
 "yu-markdown",
 "yu-text",
]

[[package]]
name = "yu-core"
version = "0.1.0"

[[package]]
name = "yu-editor"
version = "0.1.0"
dependencies = [
 "unicode-segmentation",
 "yu-core",
 "yu-layout",
 "yu-markdown",
 "yu-projection",
 "yu-text",
]

[[package]]
name = "yu-editor-ffi"
version = "0.1.0"
dependencies = [
 "yu-core",
 "yu-editor",
 "yu-text",
]

[[package]]
name = "yu-font"
version = "0.1.0"
dependencies = [
 "unicode-segmentation",
 "yu-core",
 "yu-layout",
 "yu-projection",
 "yu-text",
]

[[package]]
name = "yu-font-macos"
version = "0.1.0"
dependencies = [
 "objc2-core-foundation",
 "objc2-core-graphics",
 "objc2-core-text",
 "yu-core",
 "yu-font",
 "yu-layout",
 "yu-projection",
 "yu-text",
]

[[package]]
name = "yu-inspect"
version = "0.1.0"
dependencies = [
 "yu-markdown",
 "yu-text",
]

[[package]]
name = "yu-layout"
version = "0.1.0"
dependencies = [
 "unicode-segmentation",
 "yu-core",
 "yu-projection",
 "yu-text",
]

[[package]]
name = "yu-markdown"
version = "0.1.0"
dependencies = [
 "yu-core",
 "yu-text",
]

[[package]]
name = "yu-projection"
version = "0.1.0"
dependencies = [
 "yu-core",
 "yu-markdown",
 "yu-text",
]

[[package]]
name = "yu-render"
version = "0.1.0"
dependencies = [
 "yu-core",
 "yu-font",
 "yu-scene",
]

[[package]]
name = "yu-scene"
version = "0.1.0"
dependencies = [
 "yu-core",
 "yu-font",
]

[[package]]
name = "yu-text"
version = "0.1.0"
dependencies = [
 "yu-core",
]
