# This file is automatically @generated by Cargo.
# It is not intended for manual editing.
version = 4

[[package]]
name = "unicode-segmentation"
version = "1.13.3"
source = "registry+https://github.com/rust-lang/crates.io-index"
checksum = "c6f5d3c3b1bf09027a88a6bc961fc00497d651009560b5463668dc81b0fa87a8"

[[package]]
name = "yu-bench"
version = "0.1.0"
dependencies = [
 "yu-core",
 "yu-markdown",
 "yu-text",
]

[[package]]
name = "yu-core"
version = "0.1.0"

[[package]]
name = "yu-editor"
version = "0.1.0"
dependencies = [
 "unicode-segmentation",
 "yu-core",
 "yu-layout",
 "yu-markdown",
 "yu-projection",
 "yu-text",
]

[[package]]
name = "yu-editor-ffi"
version = "0.1.0"
dependencies = [
 "yu-core",
 "yu-editor",
 "yu-text",
]

[[package]]
name = "yu-font"
version = "0.1.0"
dependencies = [
 "unicode-segmentation",
 "yu-core",
 "yu-layout",
 "yu-projection",
 "yu-text",
]

[[package]]
name = "yu-inspect"
version = "0.1.0"
dependencies = [
 "yu-markdown",
 "yu-text",
]

[[package]]
name = "yu-layout"
version = "0.1.0"
dependencies = [
 "unicode-segmentation",
 "yu-core",
 "yu-projection",
 "yu-text",
]

[[package]]
name = "yu-markdown"
version = "0.1.0"
dependencies = [
 "yu-core",
 "yu-text",
]

[[package]]
name = "yu-projection"
version = "0.1.0"
dependencies = [
 "yu-core",
 "yu-markdown",
 "yu-text",
]

[[package]]
name = "yu-text"
version = "0.1.0"
dependencies = [
 "yu-core",
]
